<Solution>
  <Folder Name="/Solution Items/">
    <File Path=".editorconfig" />
    <File Path=".gitignore" />
    <File Path="Directory.Build.props" />
    <File Path="Directory.Packages.props" />
    <File Path="README.md" />
  </Folder>
  <Folder Name="/src/">
    <Project Path="AppInfra.Serialization/AppInfra.Serialization.csproj" />
    <Project Path="AppInfra.Kafka/AppInfra.Kafka.csproj" />
  </Folder>
  <Project Path="AppInfra.Sample/AppInfra.Sample.csproj" />
</Solution>
